
Microsoft Visual Studio Solution File, Format Version 12.00
# Visual Studio Version 16
VisualStudioVersion = 16.0.30517.126
MinimumVisualStudioVersion = 10.0.40219.1
Project("{2150E333-8FDC-42A3-9474-1A3956D46DE8}") = "Microservices", "Microservices", "{FF8E0CDA-E244-4063-B5D8-B43005A200F9}"
EndProject
Project("{2150E333-8FDC-42A3-9474-1A3956D46DE8}") = "Domain", "Domain", "{AC13A7EB-E4A5-47E6-8A13-04D5AAFBE455}"
EndProject
Project("{2150E333-8FDC-42A3-9474-1A3956D46DE8}") = "Infra.Bus", "Infra.Bus", "{E214B657-104A-41EF-81F1-712B452D133F}"
EndProject
Project("{2150E333-8FDC-42A3-9474-1A3956D46DE8}") = "Infra.IoC", "Infra.IoC", "{A87248F7-B416-48EB-AAED-1A160B9A1A82}"
EndProject
Project("{2150E333-8FDC-42A3-9474-1A3956D46DE8}") = "Presentation", "Presentation", "{B720E9B9-3D0F-4936-B3FC-3D0CE732FE3B}"
EndProject
Project("{9A19103F-16F7-4668-BE54-9A1E7A4F7556}") = "MicroRabbit.Domain.Core", "Domain\MicroRabbit.Domain.Core\MicroRabbit.Domain.Core.csproj", "{CFEBED96-55A4-4B39-8867-3C1D4A4615F8}"
EndProject
Global
	GlobalSection(SolutionConfigurationPlatforms) = preSolution
		Debug|Any CPU = Debug|Any CPU
		Release|Any CPU = Release|Any CPU
	EndGlobalSection
	GlobalSection(ProjectConfigurationPlatforms) = postSolution
		{CFEBED96-55A4-4B39-8867-3C1D4A4615F8}.Debug|Any CPU.ActiveCfg = Debug|Any CPU
		{CFEBED96-55A4-4B39-8867-3C1D4A4615F8}.Debug|Any CPU.Build.0 = Debug|Any CPU
		{CFEBED96-55A4-4B39-8867-3C1D4A4615F8}.Release|Any CPU.ActiveCfg = Release|Any CPU
		{CFEBED96-55A4-4B39-8867-3C1D4A4615F8}.Release|Any CPU.Build.0 = Release|Any CPU
	EndGlobalSection
	GlobalSection(SolutionProperties) = preSolution
		HideSolutionNode = FALSE
	EndGlobalSection
	GlobalSection(NestedProjects) = preSolution
		{CFEBED96-55A4-4B39-8867-3C1D4A4615F8} = {AC13A7EB-E4A5-47E6-8A13-04D5AAFBE455}
	EndGlobalSection
	GlobalSection(ExtensibilityGlobals) = postSolution
		SolutionGuid = {4473F40E-D477-4B1D-A4C2-441FC2760640}
	EndGlobalSection
EndGlobal
